
Microsoft Visual Studio Solution File, Format Version 12.00
# Visual Studio Version 16
VisualStudioVersion = 16.0.32901.82
MinimumVisualStudioVersion = 10.0.40219.1
Project("{8BC9CEB8-8B4A-11D0-8D11-00A0C91BC942}") = "hash-table", "hash-table.vcxproj", "{5A8154FD-9A71-42CC-A347-A93930558A91}"
EndProject
Global
	GlobalSection(SolutionConfigurationPlatforms) = preSolution
		Debug|x64 = Debug|x64
		Debug|x86 = Debug|x86
		Release|x64 = Release|x64
		Release|x86 = Release|x86
	EndGlobalSection
	GlobalSection(ProjectConfigurationPlatforms) = postSolution
		{5A8154FD-9A71-42CC-A347-A93930558A91}.Debug|x64.ActiveCfg = Debug|x64
		{5A8154FD-9A71-42CC-A347-A93930558A91}.Debug|x64.Build.0 = Debug|x64
		{5A8154FD-9A71-42CC-A347-A93930558A91}.Debug|x86.ActiveCfg = Debug|Win32
		{5A8154FD-9A71-42CC-A347-A93930558A91}.Debug|x86.Build.0 = Debug|Win32
		{5A8154FD-9A71-42CC-A347-A93930558A91}.Release|x64.ActiveCfg = Release|x64
		{5A8154FD-9A71-42CC-A347-A93930558A91}.Release|x64.Build.0 = Release|x64
		{5A8154FD-9A71-42CC-A347-A93930558A91}.Release|x86.ActiveCfg = Release|Win32
		{5A8154FD-9A71-42CC-A347-A93930558A91}.Release|x86.Build.0 = Release|Win32
	EndGlobalSection
	GlobalSection(SolutionProperties) = preSolution
		HideSolutionNode = FALSE
	EndGlobalSection
	GlobalSection(ExtensibilityGlobals) = postSolution
		SolutionGuid = {A349E7B1-AE8B-422B-9663-440D0EFAFB1F}
	EndGlobalSection
EndGlobal
